
Microsoft Visual Studio Solution File, Format Version 12.00
# Visual Studio Version 17
VisualStudioVersion = 17.8.34525.116
MinimumVisualStudioVersion = 10.0.40219.1
Project("{FAE04EC0-301F-11D3-BF4B-00C04F79EFBC}") = "TestPower1", "TestPower1.csproj", "{126863DF-07A9-400C-9B2E-C6F4CC98CAEB}"
EndProject
Global
	GlobalSection(SolutionConfigurationPlatforms) = preSolution
		Debug|Any CPU = Debug|Any CPU
		Release|Any CPU = Release|Any CPU
	EndGlobalSection
	GlobalSection(ProjectConfigurationPlatforms) = postSolution
		{126863DF-07A9-400C-9B2E-C6F4CC98CAEB}.Debug|Any CPU.ActiveCfg = Debug|Any CPU
		{126863DF-07A9-400C-9B2E-C6F4CC98CAEB}.Debug|Any CPU.Build.0 = Debug|Any CPU
		{126863DF-07A9-400C-9B2E-C6F4CC98CAEB}.Debug|Any CPU.Deploy.0 = Debug|Any CPU
		{126863DF-07A9-400C-9B2E-C6F4CC98CAEB}.Release|Any CPU.ActiveCfg = Release|Any CPU
		{126863DF-07A9-400C-9B2E-C6F4CC98CAEB}.Release|Any CPU.Build.0 = Release|Any CPU
		{126863DF-07A9-400C-9B2E-C6F4CC98CAEB}.Release|Any CPU.Deploy.0 = Release|Any CPU
	EndGlobalSection
	GlobalSection(SolutionProperties) = preSolution
		HideSolutionNode = FALSE
	EndGlobalSection
	GlobalSection(ExtensibilityGlobals) = postSolution
		SolutionGuid = {08750C8F-6AEC-4A4A-8EBD-631D039C4762}
	EndGlobalSection
EndGlobal
